
Microsoft Visual Studio Solution File, Format Version 12.00
# Visual Studio Version 17
VisualStudioVersion = 17.12.35521.163
MinimumVisualStudioVersion = 10.0.40219.1
Project("{FAE04EC0-301F-11D3-BF4B-00C04F79EFBC}") = "RetailAPI", "RetailAPI\RetailAPI.csproj", "{6BC593CE-3C0E-4934-B17C-1F5DC4904375}"
EndProject
Project("{FAE04EC0-301F-11D3-BF4B-00C04F79EFBC}") = "BAL", "BAL\BAL.csproj", "{741AA7FE-684B-48E6-B3D7-586AB5B3D0AB}"
EndProject
Project("{FAE04EC0-301F-11D3-BF4B-00C04F79EFBC}") = "REPOSITORY", "REPOSITORY\REPOSITORY.csproj", "{F6973E91-EA36-43C9-9846-7DCABBEAF79C}"
EndProject
Project("{FAE04EC0-301F-11D3-BF4B-00C04F79EFBC}") = "MODEL", "MODEL\MODEL.csproj", "{4BED152C-DFB6-4CAB-A7AE-B4E38EB8EC1A}"
EndProject
Global
	GlobalSection(SolutionConfigurationPlatforms) = preSolution
		Debug|Any CPU = Debug|Any CPU
		Release|Any CPU = Release|Any CPU
	EndGlobalSection
	GlobalSection(ProjectConfigurationPlatforms) = postSolution
		{6BC593CE-3C0E-4934-B17C-1F5DC4904375}.Debug|Any CPU.ActiveCfg = Debug|Any CPU
		{6BC593CE-3C0E-4934-B17C-1F5DC4904375}.Debug|Any CPU.Build.0 = Debug|Any CPU
		{6BC593CE-3C0E-4934-B17C-1F5DC4904375}.Release|Any CPU.ActiveCfg = Release|Any CPU
		{6BC593CE-3C0E-4934-B17C-1F5DC4904375}.Release|Any CPU.Build.0 = Release|Any CPU
		{741AA7FE-684B-48E6-B3D7-586AB5B3D0AB}.Debug|Any CPU.ActiveCfg = Debug|Any CPU
		{741AA7FE-684B-48E6-B3D7-586AB5B3D0AB}.Debug|Any CPU.Build.0 = Debug|Any CPU
		{741AA7FE-684B-48E6-B3D7-586AB5B3D0AB}.Release|Any CPU.ActiveCfg = Release|Any CPU
		{741AA7FE-684B-48E6-B3D7-586AB5B3D0AB}.Release|Any CPU.Build.0 = Release|Any CPU
		{F6973E91-EA36-43C9-9846-7DCABBEAF79C}.Debug|Any CPU.ActiveCfg = Debug|Any CPU
		{F6973E91-EA36-43C9-9846-7DCABBEAF79C}.Debug|Any CPU.Build.0 = Debug|Any CPU
		{F6973E91-EA36-43C9-9846-7DCABBEAF79C}.Release|Any CPU.ActiveCfg = Release|Any CPU
		{F6973E91-EA36-43C9-9846-7DCABBEAF79C}.Release|Any CPU.Build.0 = Release|Any CPU
		{4BED152C-DFB6-4CAB-A7AE-B4E38EB8EC1A}.Debug|Any CPU.ActiveCfg = Debug|Any CPU
		{4BED152C-DFB6-4CAB-A7AE-B4E38EB8EC1A}.Debug|Any CPU.Build.0 = Debug|Any CPU
		{4BED152C-DFB6-4CAB-A7AE-B4E38EB8EC1A}.Release|Any CPU.ActiveCfg = Release|Any CPU
		{4BED152C-DFB6-4CAB-A7AE-B4E38EB8EC1A}.Release|Any CPU.Build.0 = Release|Any CPU
	EndGlobalSection
	GlobalSection(SolutionProperties) = preSolution
		HideSolutionNode = FALSE
	EndGlobalSection
EndGlobal
